
Microsoft Visual Studio Solution File, Format Version 12.00
Project("{FAE04EC0-301F-11D3-BF4B-00C04F79EFBC}") = "KolokwiumAPBD1", "KolokwiumAPBD1\KolokwiumAPBD1.csproj", "{CBC0D842-4FD4-459A-9B54-B0C1582D1C7E}"
EndProject
Global
	GlobalSection(SolutionConfigurationPlatforms) = preSolution
		Debug|Any CPU = Debug|Any CPU
		Release|Any CPU = Release|Any CPU
	EndGlobalSection
	GlobalSection(ProjectConfigurationPlatforms) = postSolution
		{CBC0D842-4FD4-459A-9B54-B0C1582D1C7E}.Debug|Any CPU.ActiveCfg = Debug|Any CPU
		{CBC0D842-4FD4-459A-9B54-B0C1582D1C7E}.Debug|Any CPU.Build.0 = Debug|Any CPU
		{CBC0D842-4FD4-459A-9B54-B0C1582D1C7E}.Release|Any CPU.ActiveCfg = Release|Any CPU
		{CBC0D842-4FD4-459A-9B54-B0C1582D1C7E}.Release|Any CPU.Build.0 = Release|Any CPU
	EndGlobalSection
EndGlobal
